
Microsoft Visual Studio Solution File, Format Version 12.00
# Visual Studio 15
VisualStudioVersion = 15.0.27004.2002
MinimumVisualStudioVersion = 10.0.40219.1
Project("{FAE04EC0-301F-11D3-BF4B-00C04F79EFBC}") = "Core", "Core\Core.csproj", "{B81DDAD3-C909-474E-9D76-9385EEE11EB2}"
EndProject
Project("{FAE04EC0-301F-11D3-BF4B-00C04F79EFBC}") = "Data", "Data\Data.csproj", "{8705BA7A-79CB-46D2-89C4-476AF1A7A359}"
EndProject
Project("{FAE04EC0-301F-11D3-BF4B-00C04F79EFBC}") = "IService", "IService\IService.csproj", "{75FA6D92-D1D4-41D6-92F1-3008BC3328C2}"
EndProject
Project("{FAE04EC0-301F-11D3-BF4B-00C04F79EFBC}") = "itemsstatisticProj", "itemsstatisticProj\itemsstatisticProj.csproj", "{B0DB5A56-5E98-4E1B-A906-E64D32E644CD}"
EndProject
Global
	GlobalSection(SolutionConfigurationPlatforms) = preSolution
		Debug|Any CPU = Debug|Any CPU
		Release|Any CPU = Release|Any CPU
	EndGlobalSection
	GlobalSection(ProjectConfigurationPlatforms) = postSolution
		{B81DDAD3-C909-474E-9D76-9385EEE11EB2}.Debug|Any CPU.ActiveCfg = Debug|Any CPU
		{B81DDAD3-C909-474E-9D76-9385EEE11EB2}.Debug|Any CPU.Build.0 = Debug|Any CPU
		{B81DDAD3-C909-474E-9D76-9385EEE11EB2}.Release|Any CPU.ActiveCfg = Release|Any CPU
		{B81DDAD3-C909-474E-9D76-9385EEE11EB2}.Release|Any CPU.Build.0 = Release|Any CPU
		{8705BA7A-79CB-46D2-89C4-476AF1A7A359}.Debug|Any CPU.ActiveCfg = Debug|Any CPU
		{8705BA7A-79CB-46D2-89C4-476AF1A7A359}.Debug|Any CPU.Build.0 = Debug|Any CPU
		{8705BA7A-79CB-46D2-89C4-476AF1A7A359}.Release|Any CPU.ActiveCfg = Release|Any CPU
		{8705BA7A-79CB-46D2-89C4-476AF1A7A359}.Release|Any CPU.Build.0 = Release|Any CPU
		{75FA6D92-D1D4-41D6-92F1-3008BC3328C2}.Debug|Any CPU.ActiveCfg = Debug|Any CPU
		{75FA6D92-D1D4-41D6-92F1-3008BC3328C2}.Debug|Any CPU.Build.0 = Debug|Any CPU
		{75FA6D92-D1D4-41D6-92F1-3008BC3328C2}.Release|Any CPU.ActiveCfg = Release|Any CPU
		{75FA6D92-D1D4-41D6-92F1-3008BC3328C2}.Release|Any CPU.Build.0 = Release|Any CPU
		{B0DB5A56-5E98-4E1B-A906-E64D32E644CD}.Debug|Any CPU.ActiveCfg = Debug|Any CPU
		{B0DB5A56-5E98-4E1B-A906-E64D32E644CD}.Debug|Any CPU.Build.0 = Debug|Any CPU
		{B0DB5A56-5E98-4E1B-A906-E64D32E644CD}.Release|Any CPU.ActiveCfg = Release|Any CPU
		{B0DB5A56-5E98-4E1B-A906-E64D32E644CD}.Release|Any CPU.Build.0 = Release|Any CPU
	EndGlobalSection
	GlobalSection(SolutionProperties) = preSolution
		HideSolutionNode = FALSE
	EndGlobalSection
	GlobalSection(ExtensibilityGlobals) = postSolution
		SolutionGuid = {FA666068-FA81-4814-AC8F-F9FA373ED651}
	EndGlobalSection
EndGlobal
